// !$*UTF8*$!
{
	archiveVersion = 1;
	classes = {
	};
	objectVersion = 50;
	objects = {

/* Begin PBXBuildFile section */
		06F4DFE503BA9CF565F1A162 /* libPods-ChineseSayUITests.a in Frameworks */ = {isa = PBXBuildFile; fileRef = 6235DB69A24076FD10D4E742 /* libPods-ChineseSayUITests.a */; };
		530D020F22A6C0660044CCB7 /* CSPageTypeModel.m in Sources */ = {isa = PBXBuildFile; fileRef = 530D020E22A6C0660044CCB7 /* CSPageTypeModel.m */; };
		530D021322A6C3330044CCB7 /* CSPageTransfer.m in Sources */ = {isa = PBXBuildFile; fileRef = 530D021222A6C3330044CCB7 /* CSPageTransfer.m */; };
		530D021622A6D0650044CCB7 /* CSHomeMoreLessonListController.m in Sources */ = {isa = PBXBuildFile; fileRef = 530D021522A6D0650044CCB7 /* CSHomeMoreLessonListController.m */; };
		5315BEDD229D828B00AC33C5 /* ChineseSayTests.m in Sources */ = {isa = PBXBuildFile; fileRef = 5315BEDC229D828B00AC33C5 /* ChineseSayTests.m */; };
		5315BEE8229D828B00AC33C5 /* ChineseSayUITests.m in Sources */ = {isa = PBXBuildFile; fileRef = 5315BEE7229D828B00AC33C5 /* ChineseSayUITests.m */; };
		53352EA122A95A7800F42147 /* CSHomeMoreLessonListDetailController.m in Sources */ = {isa = PBXBuildFile; fileRef = 53352EA022A95A7800F42147 /* CSHomeMoreLessonListDetailController.m */; };
		53352EA422A95E9000F42147 /* CSHomeMoreLessonDetailFlowLayout.m in Sources */ = {isa = PBXBuildFile; fileRef = 53352EA322A95E9000F42147 /* CSHomeMoreLessonDetailFlowLayout.m */; };
		53352EA722A95EC100F42147 /* CSHomeMoreLessonDetailCollectionViewCell.m in Sources */ = {isa = PBXBuildFile; fileRef = 53352EA622A95EC100F42147 /* CSHomeMoreLessonDetailCollectionViewCell.m */; };
		5336A8AE22A8148E00C661DE /* CSHomeMoreLessonListCell.m in Sources */ = {isa = PBXBuildFile; fileRef = 5336A8AD22A8148E00C661DE /* CSHomeMoreLessonListCell.m */; };
		535B853D22A57AAA000510C4 /* CSHomeItemsCellItem.m in Sources */ = {isa = PBXBuildFile; fileRef = 535B853C22A57AAA000510C4 /* CSHomeItemsCellItem.m */; };
		53AC31A822A3CCAC00CA2D12 /* CSBaseController.m in Sources */ = {isa = PBXBuildFile; fileRef = 53AC31A722A3CCAC00CA2D12 /* CSBaseController.m */; };
		53AC31AB22A3CCC400CA2D12 /* CSBaseModel.m in Sources */ = {isa = PBXBuildFile; fileRef = 53AC31AA22A3CCC400CA2D12 /* CSBaseModel.m */; };
		53AC31AE22A3CCDF00CA2D12 /* CSBaseView.m in Sources */ = {isa = PBXBuildFile; fileRef = 53AC31AD22A3CCDF00CA2D12 /* CSBaseView.m */; };
		53AC31B122A3CCFD00CA2D12 /* CSBaseCell.m in Sources */ = {isa = PBXBuildFile; fileRef = 53AC31B022A3CCFD00CA2D12 /* CSBaseCell.m */; };
		53AC31B422A3CD1000CA2D12 /* CSBaseTableView.m in Sources */ = {isa = PBXBuildFile; fileRef = 53AC31B322A3CD1000CA2D12 /* CSBaseTableView.m */; };
		53AC31B722A3CD3900CA2D12 /* CSHomeController.m in Sources */ = {isa = PBXBuildFile; fileRef = 53AC31B622A3CD3900CA2D12 /* CSHomeController.m */; };
		53AC31BB22A3D1BD00CA2D12 /* CSHomeDataSource.m in Sources */ = {isa = PBXBuildFile; fileRef = 53AC31BA22A3D1BD00CA2D12 /* CSHomeDataSource.m */; };
		53AC31C322A3D51D00CA2D12 /* CSHomeCellModel.m in Sources */ = {isa = PBXBuildFile; fileRef = 53AC31C222A3D51D00CA2D12 /* CSHomeCellModel.m */; };
		53AC31C722A3EF9800CA2D12 /* CSHomeTitleCell.m in Sources */ = {isa = PBXBuildFile; fileRef = 53AC31C622A3EF9800CA2D12 /* CSHomeTitleCell.m */; };
		53AC31CA22A3EFF200CA2D12 /* CSHomeItemsCell.m in Sources */ = {isa = PBXBuildFile; fileRef = 53AC31C922A3EFF200CA2D12 /* CSHomeItemsCell.m */; };
		53AC31CD22A3F04600CA2D12 /* CSItemSigleCell.m in Sources */ = {isa = PBXBuildFile; fileRef = 53AC31CC22A3F04600CA2D12 /* CSItemSigleCell.m */; };
		53AC31D022A41CC100CA2D12 /* CSHomeTitleCellModel.m in Sources */ = {isa = PBXBuildFile; fileRef = 53AC31CF22A41CC100CA2D12 /* CSHomeTitleCellModel.m */; };
		53AC31D322A41DAC00CA2D12 /* CSHomeItemsCellModel.m in Sources */ = {isa = PBXBuildFile; fileRef = 53AC31D222A41DAC00CA2D12 /* CSHomeItemsCellModel.m */; };
		53AC31D622A41DD100CA2D12 /* CSHomeItemSingleCellModel.m in Sources */ = {isa = PBXBuildFile; fileRef = 53AC31D522A41DD100CA2D12 /* CSHomeItemSingleCellModel.m */; };
		53AC31DD22A42C9200CA2D12 /* UIColor+Add.m in Sources */ = {isa = PBXBuildFile; fileRef = 53AC31DC22A42C9200CA2D12 /* UIColor+Add.m */; };
		53F0F0FB229ED9FB000F93ED /* AppDelegate+Config.m in Sources */ = {isa = PBXBuildFile; fileRef = 53F0F0F8229ED9FB000F93ED /* AppDelegate+Config.m */; };
		53F0F0FC229ED9FB000F93ED /* AppDelegate.m in Sources */ = {isa = PBXBuildFile; fileRef = 53F0F0FA229ED9FB000F93ED /* AppDelegate.m */; };
		53F0F10F229EE06D000F93ED /* LFNavigationController.m in Sources */ = {isa = PBXBuildFile; fileRef = 53F0F104229EE06D000F93ED /* LFNavigationController.m */; };
		53F0F110229EE06D000F93ED /* LFTabBarConfig.m in Sources */ = {isa = PBXBuildFile; fileRef = 53F0F10A229EE06D000F93ED /* LFTabBarConfig.m */; };
		53F0F111229EE06D000F93ED /* LFTabBarItem.m in Sources */ = {isa = PBXBuildFile; fileRef = 53F0F10B229EE06D000F93ED /* LFTabBarItem.m */; };
		53F0F112229EE06D000F93ED /* LFTabBar.m in Sources */ = {isa = PBXBuildFile; fileRef = 53F0F10C229EE06D000F93ED /* LFTabBar.m */; };
		53F0F113229EE06D000F93ED /* LFTabBarController.m in Sources */ = {isa = PBXBuildFile; fileRef = 53F0F10E229EE06D000F93ED /* LFTabBarController.m */; };
		53F0F11C229EE129000F93ED /* ViewController.m in Sources */ = {isa = PBXBuildFile; fileRef = 53F0F115229EE129000F93ED /* ViewController.m */; };
		53F0F11D229EE129000F93ED /* LaunchScreen.storyboard in Resources */ = {isa = PBXBuildFile; fileRef = 53F0F116229EE129000F93ED /* LaunchScreen.storyboard */; };
		53F0F11E229EE129000F93ED /* Main.storyboard in Resources */ = {isa = PBXBuildFile; fileRef = 53F0F118229EE129000F93ED /* Main.storyboard */; };
		53F0F11F229EE129000F93ED /* main.m in Sources */ = {isa = PBXBuildFile; fileRef = 53F0F11A229EE129000F93ED /* main.m */; };
		53F0F121229EE18D000F93ED /* Assets.xcassets in Resources */ = {isa = PBXBuildFile; fileRef = 53F0F120229EE18D000F93ED /* Assets.xcassets */; };
		AD8310061EEF97FC934178B0 /* libPods-ChineseSayTests.a in Frameworks */ = {isa = PBXBuildFile; fileRef = 722711BC22AA731455504621 /* libPods-ChineseSayTests.a */; };
		D12726E9A71B500ECDC8A0DD /* libPods-ChineseSay.a in Frameworks */ = {isa = PBXBuildFile; fileRef = 2B6E5D34A3B080210B24D97C /* libPods-ChineseSay.a */; };
/* End PBXBuildFile section */

/* Begin PBXContainerItemProxy section */
		5315BED9229D828B00AC33C5 /* PBXContainerItemProxy */ = {
			isa = PBXContainerItemProxy;
			containerPortal = 5315BEB8229D828A00AC33C5 /* Project object */;
			proxyType = 1;
			remoteGlobalIDString = 5315BEBF229D828A00AC33C5;
			remoteInfo = ChineseSay;
		};
		5315BEE4229D828B00AC33C5 /* PBXContainerItemProxy */ = {
			isa = PBXContainerItemProxy;
			containerPortal = 5315BEB8229D828A00AC33C5 /* Project object */;
			proxyType = 1;
			remoteGlobalIDString = 5315BEBF229D828A00AC33C5;
			remoteInfo = ChineseSay;
		};
/* End PBXContainerItemProxy section */

/* Begin PBXFileReference section */
		193ECF55F9ED2C3E48A5982F /* Pods-ChineseSayTests.release.xcconfig */ = {isa = PBXFileReference; includeInIndex = 1; lastKnownFileType = text.xcconfig; name = "Pods-ChineseSayTests.release.xcconfig"; path = "Pods/Target Support Files/Pods-ChineseSayTests/Pods-ChineseSayTests.release.xcconfig"; sourceTree = "<group>"; };
		2B6E5D34A3B080210B24D97C /* libPods-ChineseSay.a */ = {isa = PBXFileReference; explicitFileType = archive.ar; includeInIndex = 0; path = "libPods-ChineseSay.a"; sourceTree = BUILT_PRODUCTS_DIR; };
		530D020D22A6C0660044CCB7 /* CSPageTypeModel.h */ = {isa = PBXFileReference; lastKnownFileType = sourcecode.c.h; path = CSPageTypeModel.h; sourceTree = "<group>"; };
		530D020E22A6C0660044CCB7 /* CSPageTypeModel.m */ = {isa = PBXFileReference; lastKnownFileType = sourcecode.c.objc; path = CSPageTypeModel.m; sourceTree = "<group>"; };
		530D021022A6C17C0044CCB7 /* CSPageTransferDefine.h */ = {isa = PBXFileReference; lastKnownFileType = sourcecode.c.h; path = CSPageTransferDefine.h; sourceTree = "<group>"; };
		530D021122A6C3330044CCB7 /* CSPageTransfer.h */ = {isa = PBXFileReference; lastKnownFileType = sourcecode.c.h; path = CSPageTransfer.h; sourceTree = "<group>"; };
		530D021222A6C3330044CCB7 /* CSPageTransfer.m */ = {isa = PBXFileReference; lastKnownFileType = sourcecode.c.objc; path = CSPageTransfer.m; sourceTree = "<group>"; };
		530D021422A6D0650044CCB7 /* CSHomeMoreLessonListController.h */ = {isa = PBXFileReference; lastKnownFileType = sourcecode.c.h; path = CSHomeMoreLessonListController.h; sourceTree = "<group>"; };
		530D021522A6D0650044CCB7 /* CSHomeMoreLessonListController.m */ = {isa = PBXFileReference; lastKnownFileType = sourcecode.c.objc; path = CSHomeMoreLessonListController.m; sourceTree = "<group>"; };
		5315BEC0229D828A00AC33C5 /* ChineseSay.app */ = {isa = PBXFileReference; explicitFileType = wrapper.application; includeInIndex = 0; path = ChineseSay.app; sourceTree = BUILT_PRODUCTS_DIR; };
		5315BED1229D828B00AC33C5 /* Info.plist */ = {isa = PBXFileReference; lastKnownFileType = text.plist.xml; path = Info.plist; sourceTree = "<group>"; };
		5315BED8229D828B00AC33C5 /* ChineseSayTests.xctest */ = {isa = PBXFileReference; explicitFileType = wrapper.cfbundle; includeInIndex = 0; path = ChineseSayTests.xctest; sourceTree = BUILT_PRODUCTS_DIR; };
		5315BEDC229D828B00AC33C5 /* ChineseSayTests.m */ = {isa = PBXFileReference; lastKnownFileType = sourcecode.c.objc; path = ChineseSayTests.m; sourceTree = "<group>"; };
		5315BEDE229D828B00AC33C5 /* Info.plist */ = {isa = PBXFileReference; lastKnownFileType = text.plist.xml; path = Info.plist; sourceTree = "<group>"; };
		5315BEE3229D828B00AC33C5 /* ChineseSayUITests.xctest */ = {isa = PBXFileReference; explicitFileType = wrapper.cfbundle; includeInIndex = 0; path = ChineseSayUITests.xctest; sourceTree = BUILT_PRODUCTS_DIR; };
		5315BEE7229D828B00AC33C5 /* ChineseSayUITests.m */ = {isa = PBXFileReference; lastKnownFileType = sourcecode.c.objc; path = ChineseSayUITests.m; sourceTree = "<group>"; };
		5315BEE9229D828B00AC33C5 /* Info.plist */ = {isa = PBXFileReference; lastKnownFileType = text.plist.xml; path = Info.plist; sourceTree = "<group>"; };
		53352E9F22A95A7800F42147 /* CSHomeMoreLessonListDetailController.h */ = {isa = PBXFileReference; lastKnownFileType = sourcecode.c.h; path = CSHomeMoreLessonListDetailController.h; sourceTree = "<group>"; };
		53352EA022A95A7800F42147 /* CSHomeMoreLessonListDetailController.m */ = {isa = PBXFileReference; lastKnownFileType = sourcecode.c.objc; path = CSHomeMoreLessonListDetailController.m; sourceTree = "<group>"; };
		53352EA222A95E9000F42147 /* CSHomeMoreLessonDetailFlowLayout.h */ = {isa = PBXFileReference; lastKnownFileType = sourcecode.c.h; path = CSHomeMoreLessonDetailFlowLayout.h; sourceTree = "<group>"; };
		53352EA322A95E9000F42147 /* CSHomeMoreLessonDetailFlowLayout.m */ = {isa = PBXFileReference; lastKnownFileType = sourcecode.c.objc; path = CSHomeMoreLessonDetailFlowLayout.m; sourceTree = "<group>"; };
		53352EA522A95EC100F42147 /* CSHomeMoreLessonDetailCollectionViewCell.h */ = {isa = PBXFileReference; lastKnownFileType = sourcecode.c.h; path = CSHomeMoreLessonDetailCollectionViewCell.h; sourceTree = "<group>"; };
		53352EA622A95EC100F42147 /* CSHomeMoreLessonDetailCollectionViewCell.m */ = {isa = PBXFileReference; lastKnownFileType = sourcecode.c.objc; path = CSHomeMoreLessonDetailCollectionViewCell.m; sourceTree = "<group>"; };
		5336A8AC22A8148E00C661DE /* CSHomeMoreLessonListCell.h */ = {isa = PBXFileReference; lastKnownFileType = sourcecode.c.h; path = CSHomeMoreLessonListCell.h; sourceTree = "<group>"; };
		5336A8AD22A8148E00C661DE /* CSHomeMoreLessonListCell.m */ = {isa = PBXFileReference; lastKnownFileType = sourcecode.c.objc; path = CSHomeMoreLessonListCell.m; sourceTree = "<group>"; };
		535B853B22A57AAA000510C4 /* CSHomeItemsCellItem.h */ = {isa = PBXFileReference; lastKnownFileType = sourcecode.c.h; path = CSHomeItemsCellItem.h; sourceTree = "<group>"; };
		535B853C22A57AAA000510C4 /* CSHomeItemsCellItem.m */ = {isa = PBXFileReference; lastKnownFileType = sourcecode.c.objc; path = CSHomeItemsCellItem.m; sourceTree = "<group>"; };
		53AC31A622A3CCAC00CA2D12 /* CSBaseController.h */ = {isa = PBXFileReference; lastKnownFileType = sourcecode.c.h; path = CSBaseController.h; sourceTree = "<group>"; };
		53AC31A722A3CCAC00CA2D12 /* CSBaseController.m */ = {isa = PBXFileReference; lastKnownFileType = sourcecode.c.objc; path = CSBaseController.m; sourceTree = "<group>"; };
		53AC31A922A3CCC400CA2D12 /* CSBaseModel.h */ = {isa = PBXFileReference; lastKnownFileType = sourcecode.c.h; path = CSBaseModel.h; sourceTree = "<group>"; };
		53AC31AA22A3CCC400CA2D12 /* CSBaseModel.m */ = {isa = PBXFileReference; lastKnownFileType = sourcecode.c.objc; path = CSBaseModel.m; sourceTree = "<group>"; };
		53AC31AC22A3CCDF00CA2D12 /* CSBaseView.h */ = {isa = PBXFileReference; lastKnownFileType = sourcecode.c.h; path = CSBaseView.h; sourceTree = "<group>"; };
		53AC31AD22A3CCDF00CA2D12 /* CSBaseView.m */ = {isa = PBXFileReference; lastKnownFileType = sourcecode.c.objc; path = CSBaseView.m; sourceTree = "<group>"; };
		53AC31AF22A3CCFD00CA2D12 /* CSBaseCell.h */ = {isa = PBXFileReference; lastKnownFileType = sourcecode.c.h; path = CSBaseCell.h; sourceTree = "<group>"; };
		53AC31B022A3CCFD00CA2D12 /* CSBaseCell.m */ = {isa = PBXFileReference; lastKnownFileType = sourcecode.c.objc; path = CSBaseCell.m; sourceTree = "<group>"; };
		53AC31B222A3CD1000CA2D12 /* CSBaseTableView.h */ = {isa = PBXFileReference; lastKnownFileType = sourcecode.c.h; path = CSBaseTableView.h; sourceTree = "<group>"; };
		53AC31B322A3CD1000CA2D12 /* CSBaseTableView.m */ = {isa = PBXFileReference; lastKnownFileType = sourcecode.c.objc; path = CSBaseTableView.m; sourceTree = "<group>"; };
		53AC31B522A3CD3900CA2D12 /* CSHomeController.h */ = {isa = PBXFileReference; lastKnownFileType = sourcecode.c.h; path = CSHomeController.h; sourceTree = "<group>"; };
		53AC31B622A3CD3900CA2D12 /* CSHomeController.m */ = {isa = PBXFileReference; lastKnownFileType = sourcecode.c.objc; path = CSHomeController.m; sourceTree = "<group>"; };
		53AC31B822A3CE3D00CA2D12 /* PrefixHeader.pch */ = {isa = PBXFileReference; lastKnownFileType = sourcecode.c.h; path = PrefixHeader.pch; sourceTree = "<group>"; };
		53AC31B922A3D1BD00CA2D12 /* CSHomeDataSource.h */ = {isa = PBXFileReference; lastKnownFileType = sourcecode.c.h; path = CSHomeDataSource.h; sourceTree = "<group>"; };
		53AC31BA22A3D1BD00CA2D12 /* CSHomeDataSource.m */ = {isa = PBXFileReference; lastKnownFileType = sourcecode.c.objc; path = CSHomeDataSource.m; sourceTree = "<group>"; };
		53AC31C122A3D51D00CA2D12 /* CSHomeCellModel.h */ = {isa = PBXFileReference; lastKnownFileType = sourcecode.c.h; path = CSHomeCellModel.h; sourceTree = "<group>"; };
		53AC31C222A3D51D00CA2D12 /* CSHomeCellModel.m */ = {isa = PBXFileReference; lastKnownFileType = sourcecode.c.objc; path = CSHomeCellModel.m; sourceTree = "<group>"; };
		53AC31C422A3E2B400CA2D12 /* Const.h */ = {isa = PBXFileReference; lastKnownFileType = sourcecode.c.h; path = Const.h; sourceTree = "<group>"; };
		53AC31C522A3EF9800CA2D12 /* CSHomeTitleCell.h */ = {isa = PBXFileReference; lastKnownFileType = sourcecode.c.h; path = CSHomeTitleCell.h; sourceTree = "<group>"; };
		53AC31C622A3EF9800CA2D12 /* CSHomeTitleCell.m */ = {isa = PBXFileReference; lastKnownFileType = sourcecode.c.objc; path = CSHomeTitleCell.m; sourceTree = "<group>"; };
		53AC31C822A3EFF200CA2D12 /* CSHomeItemsCell.h */ = {isa = PBXFileReference; lastKnownFileType = sourcecode.c.h; path = CSHomeItemsCell.h; sourceTree = "<group>"; };
		53AC31C922A3EFF200CA2D12 /* CSHomeItemsCell.m */ = {isa = PBXFileReference; lastKnownFileType = sourcecode.c.objc; path = CSHomeItemsCell.m; sourceTree = "<group>"; };
		53AC31CB22A3F04600CA2D12 /* CSItemSigleCell.h */ = {isa = PBXFileReference; lastKnownFileType = sourcecode.c.h; path = CSItemSigleCell.h; sourceTree = "<group>"; };
		53AC31CC22A3F04600CA2D12 /* CSItemSigleCell.m */ = {isa = PBXFileReference; lastKnownFileType = sourcecode.c.objc; path = CSItemSigleCell.m; sourceTree = "<group>"; };
		53AC31CE22A41CC100CA2D12 /* CSHomeTitleCellModel.h */ = {isa = PBXFileReference; lastKnownFileType = sourcecode.c.h; path = CSHomeTitleCellModel.h; sourceTree = "<group>"; };
		53AC31CF22A41CC100CA2D12 /* CSHomeTitleCellModel.m */ = {isa = PBXFileReference; lastKnownFileType = sourcecode.c.objc; path = CSHomeTitleCellModel.m; sourceTree = "<group>"; };
		53AC31D122A41DAC00CA2D12 /* CSHomeItemsCellModel.h */ = {isa = PBXFileReference; lastKnownFileType = sourcecode.c.h; path = CSHomeItemsCellModel.h; sourceTree = "<group>"; };
		53AC31D222A41DAC00CA2D12 /* CSHomeItemsCellModel.m */ = {isa = PBXFileReference; lastKnownFileType = sourcecode.c.objc; path = CSHomeItemsCellModel.m; sourceTree = "<group>"; };
		53AC31D422A41DD100CA2D12 /* CSHomeItemSingleCellModel.h */ = {isa = PBXFileReference; lastKnownFileType = sourcecode.c.h; path = CSHomeItemSingleCellModel.h; sourceTree = "<group>"; };
		53AC31D522A41DD100CA2D12 /* CSHomeItemSingleCellModel.m */ = {isa = PBXFileReference; lastKnownFileType = sourcecode.c.objc; path = CSHomeItemSingleCellModel.m; sourceTree = "<group>"; };
		53AC31DB22A42C9200CA2D12 /* UIColor+Add.h */ = {isa = PBXFileReference; lastKnownFileType = sourcecode.c.h; path = "UIColor+Add.h"; sourceTree = "<group>"; };
		53AC31DC22A42C9200CA2D12 /* UIColor+Add.m */ = {isa = PBXFileReference; lastKnownFileType = sourcecode.c.objc; path = "UIColor+Add.m"; sourceTree = "<group>"; };
		53F0F0F7229ED9FB000F93ED /* AppDelegate.h */ = {isa = PBXFileReference; fileEncoding = 4; lastKnownFileType = sourcecode.c.h; path = AppDelegate.h; sourceTree = "<group>"; };
		53F0F0F8229ED9FB000F93ED /* AppDelegate+Config.m */ = {isa = PBXFileReference; fileEncoding = 4; lastKnownFileType = sourcecode.c.objc; path = "AppDelegate+Config.m"; sourceTree = "<group>"; };
		53F0F0F9229ED9FB000F93ED /* AppDelegate+Config.h */ = {isa = PBXFileReference; fileEncoding = 4; lastKnownFileType = sourcecode.c.h; path = "AppDelegate+Config.h"; sourceTree = "<group>"; };
		53F0F0FA229ED9FB000F93ED /* AppDelegate.m */ = {isa = PBXFileReference; fileEncoding = 4; lastKnownFileType = sourcecode.c.objc; path = AppDelegate.m; sourceTree = "<group>"; };
		53F0F104229EE06D000F93ED /* LFNavigationController.m */ = {isa = PBXFileReference; fileEncoding = 4; lastKnownFileType = sourcecode.c.objc; path = LFNavigationController.m; sourceTree = "<group>"; };
		53F0F105229EE06D000F93ED /* LFNavigationController.h */ = {isa = PBXFileReference; fileEncoding = 4; lastKnownFileType = sourcecode.c.h; path = LFNavigationController.h; sourceTree = "<group>"; };
		53F0F107229EE06D000F93ED /* LFTabBarItem.h */ = {isa = PBXFileReference; fileEncoding = 4; lastKnownFileType = sourcecode.c.h; path = LFTabBarItem.h; sourceTree = "<group>"; };
		53F0F108229EE06D000F93ED /* LFTabBar.h */ = {isa = PBXFileReference; fileEncoding = 4; lastKnownFileType = sourcecode.c.h; path = LFTabBar.h; sourceTree = "<group>"; };
		53F0F109229EE06D000F93ED /* LFTabBarController.h */ = {isa = PBXFileReference; fileEncoding = 4; lastKnownFileType = sourcecode.c.h; path = LFTabBarController.h; sourceTree = "<group>"; };
		53F0F10A229EE06D000F93ED /* LFTabBarConfig.m */ = {isa = PBXFileReference; fileEncoding = 4; lastKnownFileType = sourcecode.c.objc; path = LFTabBarConfig.m; sourceTree = "<group>"; };
		53F0F10B229EE06D000F93ED /* LFTabBarItem.m */ = {isa = PBXFileReference; fileEncoding = 4; lastKnownFileType = sourcecode.c.objc; path = LFTabBarItem.m; sourceTree = "<group>"; };
		53F0F10C229EE06D000F93ED /* LFTabBar.m */ = {isa = PBXFileReference; fileEncoding = 4; lastKnownFileType = sourcecode.c.objc; path = LFTabBar.m; sourceTree = "<group>"; };
		53F0F10D229EE06D000F93ED /* LFTabBarConfig.h */ = {isa = PBXFileReference; fileEncoding = 4; lastKnownFileType = sourcecode.c.h; path = LFTabBarConfig.h; sourceTree = "<group>"; };
		53F0F10E229EE06D000F93ED /* LFTabBarController.m */ = {isa = PBXFileReference; fileEncoding = 4; lastKnownFileType = sourcecode.c.objc; path = LFTabBarController.m; sourceTree = "<group>"; };
		53F0F115229EE129000F93ED /* ViewController.m */ = {isa = PBXFileReference; fileEncoding = 4; lastKnownFileType = sourcecode.c.objc; path = ViewController.m; sourceTree = "<group>"; };
		53F0F117229EE129000F93ED /* Base */ = {isa = PBXFileReference; lastKnownFileType = file.storyboard; name = Base; path = Base.lproj/LaunchScreen.storyboard; sourceTree = "<group>"; };
		53F0F119229EE129000F93ED /* Base */ = {isa = PBXFileReference; lastKnownFileType = file.storyboard; name = Base; path = Base.lproj/Main.storyboard; sourceTree = "<group>"; };
		53F0F11A229EE129000F93ED /* main.m */ = {isa = PBXFileReference; fileEncoding = 4; lastKnownFileType = sourcecode.c.objc; path = main.m; sourceTree = "<group>"; };
		53F0F11B229EE129000F93ED /* ViewController.h */ = {isa = PBXFileReference; fileEncoding = 4; lastKnownFileType = sourcecode.c.h; path = ViewController.h; sourceTree = "<group>"; };
		53F0F120229EE18D000F93ED /* Assets.xcassets */ = {isa = PBXFileReference; lastKnownFileType = folder.assetcatalog; path = Assets.xcassets; sourceTree = "<group>"; };
		6235DB69A24076FD10D4E742 /* libPods-ChineseSayUITests.a */ = {isa = PBXFileReference; explicitFileType = archive.ar; includeInIndex = 0; path = "libPods-ChineseSayUITests.a"; sourceTree = BUILT_PRODUCTS_DIR; };
		66770EFC23CCC974BFC9FB6B /* Pods-ChineseSay.debug.xcconfig */ = {isa = PBXFileReference; includeInIndex = 1; lastKnownFileType = text.xcconfig; name = "Pods-ChineseSay.debug.xcconfig"; path = "Pods/Target Support Files/Pods-ChineseSay/Pods-ChineseSay.debug.xcconfig"; sourceTree = "<group>"; };
		722711BC22AA731455504621 /* libPods-ChineseSayTests.a */ = {isa = PBXFileReference; explicitFileType = archive.ar; includeInIndex = 0; path = "libPods-ChineseSayTests.a"; sourceTree = BUILT_PRODUCTS_DIR; };
		754F45543BF9CC9B3F2EFE1D /* Pods-ChineseSayUITests.release.xcconfig */ = {isa = PBXFileReference; includeInIndex = 1; lastKnownFileType = text.xcconfig; name = "Pods-ChineseSayUITests.release.xcconfig"; path = "Pods/Target Support Files/Pods-ChineseSayUITests/Pods-ChineseSayUITests.release.xcconfig"; sourceTree = "<group>"; };
		CFC2C6DF5FB7EADA58BB4A11 /* Pods-ChineseSayTests.debug.xcconfig */ = {isa = PBXFileReference; includeInIndex = 1; lastKnownFileType = text.xcconfig; name = "Pods-ChineseSayTests.debug.xcconfig"; path = "Pods/Target Support Files/Pods-ChineseSayTests/Pods-ChineseSayTests.debug.xcconfig"; sourceTree = "<group>"; };
		D55B99D9456700025AB654E1 /* Pods-ChineseSayUITests.debug.xcconfig */ = {isa = PBXFileReference; includeInIndex = 1; lastKnownFileType = text.xcconfig; name = "Pods-ChineseSayUITests.debug.xcconfig"; path = "Pods/Target Support Files/Pods-ChineseSayUITests/Pods-ChineseSayUITests.debug.xcconfig"; sourceTree = "<group>"; };
		ED93BEA500EC5C8D43CF5C5F /* Pods-ChineseSay.release.xcconfig */ = {isa = PBXFileReference; includeInIndex = 1; lastKnownFileType = text.xcconfig; name = "Pods-ChineseSay.release.xcconfig"; path = "Pods/Target Support Files/Pods-ChineseSay/Pods-ChineseSay.release.xcconfig"; sourceTree = "<group>"; };
/* End PBXFileReference section */

/* Begin PBXFrameworksBuildPhase section */
		5315BEBD229D828A00AC33C5 /* Frameworks */ = {
			isa = PBXFrameworksBuildPhase;
			buildActionMask = 2147483647;
			files = (
				D12726E9A71B500ECDC8A0DD /* libPods-ChineseSay.a in Frameworks */,
			);
			runOnlyForDeploymentPostprocessing = 0;
		};
		5315BED5229D828B00AC33C5 /* Frameworks */ = {
			isa = PBXFrameworksBuildPhase;
			buildActionMask = 2147483647;
			files = (
				AD8310061EEF97FC934178B0 /* libPods-ChineseSayTests.a in Frameworks */,
			);
			runOnlyForDeploymentPostprocessing = 0;
		};
		5315BEE0229D828B00AC33C5 /* Frameworks */ = {
			isa = PBXFrameworksBuildPhase;
			buildActionMask = 2147483647;
			files = (
				06F4DFE503BA9CF565F1A162 /* libPods-ChineseSayUITests.a in Frameworks */,
			);
			runOnlyForDeploymentPostprocessing = 0;
		};
/* End PBXFrameworksBuildPhase section */

/* Begin PBXGroup section */
		530D020322A6BDBC0044CCB7 /* MoreLesson */ = {
			isa = PBXGroup;
			children = (
				530D020422A6BDBC0044CCB7 /* Controller */,
				530D020522A6BDBC0044CCB7 /* Model */,
				530D020622A6BDBD0044CCB7 /* View */,
			);
			path = MoreLesson;
			sourceTree = "<group>";
		};
		530D020422A6BDBC0044CCB7 /* Controller */ = {
			isa = PBXGroup;
			children = (
				530D021422A6D0650044CCB7 /* CSHomeMoreLessonListController.h */,
				530D021522A6D0650044CCB7 /* CSHomeMoreLessonListController.m */,
				53352E9F22A95A7800F42147 /* CSHomeMoreLessonListDetailController.h */,
				53352EA022A95A7800F42147 /* CSHomeMoreLessonListDetailController.m */,
			);
			path = Controller;
			sourceTree = "<group>";
		};
		530D020522A6BDBC0044CCB7 /* Model */ = {
			isa = PBXGroup;
			children = (
			);
			path = Model;
			sourceTree = "<group>";
		};
		530D020622A6BDBD0044CCB7 /* View */ = {
			isa = PBXGroup;
			children = (
				5336A8AC22A8148E00C661DE /* CSHomeMoreLessonListCell.h */,
				5336A8AD22A8148E00C661DE /* CSHomeMoreLessonListCell.m */,
				53352EA222A95E9000F42147 /* CSHomeMoreLessonDetailFlowLayout.h */,
				53352EA322A95E9000F42147 /* CSHomeMoreLessonDetailFlowLayout.m */,
				53352EA522A95EC100F42147 /* CSHomeMoreLessonDetailCollectionViewCell.h */,
				53352EA622A95EC100F42147 /* CSHomeMoreLessonDetailCollectionViewCell.m */,
			);
			path = View;
			sourceTree = "<group>";
		};
		530D020722A6BE590044CCB7 /* CSPageTransfer */ = {
			isa = PBXGroup;
			children = (
				530D021022A6C17C0044CCB7 /* CSPageTransferDefine.h */,
				530D021122A6C3330044CCB7 /* CSPageTransfer.h */,
				530D021222A6C3330044CCB7 /* CSPageTransfer.m */,
				530D020D22A6C0660044CCB7 /* CSPageTypeModel.h */,
				530D020E22A6C0660044CCB7 /* CSPageTypeModel.m */,
			);
			path = CSPageTransfer;
			sourceTree = "<group>";
		};
		5315BEB7229D828A00AC33C5 = {
			isa = PBXGroup;
			children = (
				5315BEC2229D828A00AC33C5 /* ChineseSay */,
				5315BEDB229D828B00AC33C5 /* ChineseSayTests */,
				5315BEE6229D828B00AC33C5 /* ChineseSayUITests */,
				5315BEC1229D828A00AC33C5 /* Products */,
				F3D3399677FE87C85F455D0B /* Pods */,
				97DCEBDC8887D66D949C8541 /* Frameworks */,
			);
			sourceTree = "<group>";
		};
		5315BEC1229D828A00AC33C5 /* Products */ = {
			isa = PBXGroup;
			children = (
				5315BEC0229D828A00AC33C5 /* ChineseSay.app */,
				5315BED8229D828B00AC33C5 /* ChineseSayTests.xctest */,
				5315BEE3229D828B00AC33C5 /* ChineseSayUITests.xctest */,
			);
			name = Products;
			sourceTree = "<group>";
		};
		5315BEC2229D828A00AC33C5 /* ChineseSay */ = {
			isa = PBXGroup;
			children = (
				53F0F0F6229ED9FB000F93ED /* Appdelegate */,
				53F0F0FD229EDDFC000F93ED /* Modules */,
				53F0F0FE229EDE79000F93ED /* Manager */,
				53F0F0FF229EDE89000F93ED /* Defines */,
				53F0F100229EDF52000F93ED /* Utils */,
				53F0F101229EDF63000F93ED /* Common */,
				53F0F102229EDFB2000F93ED /* Resources */,
				53F0F114229EE129000F93ED /* Others */,
				5315BED1229D828B00AC33C5 /* Info.plist */,
			);
			path = ChineseSay;
			sourceTree = "<group>";
		};
		5315BEDB229D828B00AC33C5 /* ChineseSayTests */ = {
			isa = PBXGroup;
			children = (
				5315BEDC229D828B00AC33C5 /* ChineseSayTests.m */,
				5315BEDE229D828B00AC33C5 /* Info.plist */,
			);
			path = ChineseSayTests;
			sourceTree = "<group>";
		};
		5315BEE6229D828B00AC33C5 /* ChineseSayUITests */ = {
			isa = PBXGroup;
			children = (
				5315BEE7229D828B00AC33C5 /* ChineseSayUITests.m */,
				5315BEE9229D828B00AC33C5 /* Info.plist */,
			);
			path = ChineseSayUITests;
			sourceTree = "<group>";
		};
		53AC319E22A3CB4F00CA2D12 /* Home */ = {
			isa = PBXGroup;
			children = (
				53AC319F22A3CB4F00CA2D12 /* Controller */,
				53AC31A122A3CB4F00CA2D12 /* View */,
				53AC31A022A3CB4F00CA2D12 /* Model */,
				530D020322A6BDBC0044CCB7 /* MoreLesson */,
			);
			path = Home;
			sourceTree = "<group>";
		};
		53AC319F22A3CB4F00CA2D12 /* Controller */ = {
			isa = PBXGroup;
			children = (
				53AC31B522A3CD3900CA2D12 /* CSHomeController.h */,
				53AC31B622A3CD3900CA2D12 /* CSHomeController.m */,
			);
			path = Controller;
			sourceTree = "<group>";
		};
		53AC31A022A3CB4F00CA2D12 /* Model */ = {
			isa = PBXGroup;
			children = (
				53AC31B922A3D1BD00CA2D12 /* CSHomeDataSource.h */,
				53AC31BA22A3D1BD00CA2D12 /* CSHomeDataSource.m */,
				53AC31C122A3D51D00CA2D12 /* CSHomeCellModel.h */,
				53AC31C222A3D51D00CA2D12 /* CSHomeCellModel.m */,
				53AC31CE22A41CC100CA2D12 /* CSHomeTitleCellModel.h */,
				53AC31CF22A41CC100CA2D12 /* CSHomeTitleCellModel.m */,
				53AC31D122A41DAC00CA2D12 /* CSHomeItemsCellModel.h */,
				53AC31D222A41DAC00CA2D12 /* CSHomeItemsCellModel.m */,
				53AC31D422A41DD100CA2D12 /* CSHomeItemSingleCellModel.h */,
				53AC31D522A41DD100CA2D12 /* CSHomeItemSingleCellModel.m */,
			);
			path = Model;
			sourceTree = "<group>";
		};
		53AC31A122A3CB4F00CA2D12 /* View */ = {
			isa = PBXGroup;
			children = (
				53AC31C522A3EF9800CA2D12 /* CSHomeTitleCell.h */,
				53AC31C622A3EF9800CA2D12 /* CSHomeTitleCell.m */,
				53AC31C822A3EFF200CA2D12 /* CSHomeItemsCell.h */,
				53AC31C922A3EFF200CA2D12 /* CSHomeItemsCell.m */,
				53AC31CB22A3F04600CA2D12 /* CSItemSigleCell.h */,
				53AC31CC22A3F04600CA2D12 /* CSItemSigleCell.m */,
				535B853B22A57AAA000510C4 /* CSHomeItemsCellItem.h */,
				535B853C22A57AAA000510C4 /* CSHomeItemsCellItem.m */,
			);
			path = View;
			sourceTree = "<group>";
		};
		53AC31A222A3CC8200CA2D12 /* Base */ = {
			isa = PBXGroup;
			children = (
				53AC31A322A3CC8200CA2D12 /* Controller */,
				53AC31A422A3CC8200CA2D12 /* Model */,
				53AC31A522A3CC8200CA2D12 /* View */,
			);
			path = Base;
			sourceTree = "<group>";
		};
		53AC31A322A3CC8200CA2D12 /* Controller */ = {
			isa = PBXGroup;
			children = (
				53AC31A622A3CCAC00CA2D12 /* CSBaseController.h */,
				53AC31A722A3CCAC00CA2D12 /* CSBaseController.m */,
			);
			path = Controller;
			sourceTree = "<group>";
		};
		53AC31A422A3CC8200CA2D12 /* Model */ = {
			isa = PBXGroup;
			children = (
				53AC31A922A3CCC400CA2D12 /* CSBaseModel.h */,
				53AC31AA22A3CCC400CA2D12 /* CSBaseModel.m */,
			);
			path = Model;
			sourceTree = "<group>";
		};
		53AC31A522A3CC8200CA2D12 /* View */ = {
			isa = PBXGroup;
			children = (
				53AC31AC22A3CCDF00CA2D12 /* CSBaseView.h */,
				53AC31AD22A3CCDF00CA2D12 /* CSBaseView.m */,
				53AC31AF22A3CCFD00CA2D12 /* CSBaseCell.h */,
				53AC31B022A3CCFD00CA2D12 /* CSBaseCell.m */,
				53AC31B222A3CD1000CA2D12 /* CSBaseTableView.h */,
				53AC31B322A3CD1000CA2D12 /* CSBaseTableView.m */,
			);
			path = View;
			sourceTree = "<group>";
		};
		53AC31D722A42C4200CA2D12 /* Catergory */ = {
			isa = PBXGroup;
			children = (
				53AC31DB22A42C9200CA2D12 /* UIColor+Add.h */,
				53AC31DC22A42C9200CA2D12 /* UIColor+Add.m */,
			);
			path = Catergory;
			sourceTree = "<group>";
		};
		53F0F0F6229ED9FB000F93ED /* Appdelegate */ = {
			isa = PBXGroup;
			children = (
				53F0F0F7229ED9FB000F93ED /* AppDelegate.h */,
				53F0F0FA229ED9FB000F93ED /* AppDelegate.m */,
				53F0F0F9229ED9FB000F93ED /* AppDelegate+Config.h */,
				53F0F0F8229ED9FB000F93ED /* AppDelegate+Config.m */,
			);
			path = Appdelegate;
			sourceTree = "<group>";
		};
		53F0F0FD229EDDFC000F93ED /* Modules */ = {
			isa = PBXGroup;
			children = (
				53AC319E22A3CB4F00CA2D12 /* Home */,
			);
			path = Modules;
			sourceTree = "<group>";
		};
		53F0F0FE229EDE79000F93ED /* Manager */ = {
			isa = PBXGroup;
			children = (
			);
			path = Manager;
			sourceTree = "<group>";
		};
		53F0F0FF229EDE89000F93ED /* Defines */ = {
			isa = PBXGroup;
			children = (
				53AC31C422A3E2B400CA2D12 /* Const.h */,
			);
			path = Defines;
			sourceTree = "<group>";
		};
		53F0F100229EDF52000F93ED /* Utils */ = {
			isa = PBXGroup;
			children = (
			);
			path = Utils;
			sourceTree = "<group>";
		};
		53F0F101229EDF63000F93ED /* Common */ = {
			isa = PBXGroup;
			children = (
				53AC31B822A3CE3D00CA2D12 /* PrefixHeader.pch */,
				530D020722A6BE590044CCB7 /* CSPageTransfer */,
				53AC31D722A42C4200CA2D12 /* Catergory */,
				53AC31A222A3CC8200CA2D12 /* Base */,
				53F0F103229EE06D000F93ED /* LFNavigationController */,
				53F0F106229EE06D000F93ED /* LFTabBarController */,
			);
			path = Common;
			sourceTree = "<group>";
		};
		53F0F102229EDFB2000F93ED /* Resources */ = {
			isa = PBXGroup;
			children = (
				53F0F120229EE18D000F93ED /* Assets.xcassets */,
			);
			name = Resources;
			path = ChineseSay/Resources;
			sourceTree = SOURCE_ROOT;
		};
		53F0F103229EE06D000F93ED /* LFNavigationController */ = {
			isa = PBXGroup;
			children = (
				53F0F105229EE06D000F93ED /* LFNavigationController.h */,
				53F0F104229EE06D000F93ED /* LFNavigationController.m */,
			);
			path = LFNavigationController;
			sourceTree = "<group>";
		};
		53F0F106229EE06D000F93ED /* LFTabBarController */ = {
			isa = PBXGroup;
			children = (
				53F0F108229EE06D000F93ED /* LFTabBar.h */,
				53F0F10C229EE06D000F93ED /* LFTabBar.m */,
				53F0F10D229EE06D000F93ED /* LFTabBarConfig.h */,
				53F0F10A229EE06D000F93ED /* LFTabBarConfig.m */,
				53F0F109229EE06D000F93ED /* LFTabBarController.h */,
				53F0F10E229EE06D000F93ED /* LFTabBarController.m */,
				53F0F107229EE06D000F93ED /* LFTabBarItem.h */,
				53F0F10B229EE06D000F93ED /* LFTabBarItem.m */,
			);
			path = LFTabBarController;
			sourceTree = "<group>";
		};
		53F0F114229EE129000F93ED /* Others */ = {
			isa = PBXGroup;
			children = (
				53F0F116229EE129000F93ED /* LaunchScreen.storyboard */,
				53F0F11A229EE129000F93ED /* main.m */,
				53F0F118229EE129000F93ED /* Main.storyboard */,
				53F0F11B229EE129000F93ED /* ViewController.h */,
				53F0F115229EE129000F93ED /* ViewController.m */,
			);
			path = Others;
			sourceTree = "<group>";
		};
		97DCEBDC8887D66D949C8541 /* Frameworks */ = {
			isa = PBXGroup;
			children = (
				2B6E5D34A3B080210B24D97C /* libPods-ChineseSay.a */,
				722711BC22AA731455504621 /* libPods-ChineseSayTests.a */,
				6235DB69A24076FD10D4E742 /* libPods-ChineseSayUITests.a */,
			);
			name = Frameworks;
			sourceTree = "<group>";
		};
		F3D3399677FE87C85F455D0B /* Pods */ = {
			isa = PBXGroup;
			children = (
				66770EFC23CCC974BFC9FB6B /* Pods-ChineseSay.debug.xcconfig */,
				ED93BEA500EC5C8D43CF5C5F /* Pods-ChineseSay.release.xcconfig */,
				CFC2C6DF5FB7EADA58BB4A11 /* Pods-ChineseSayTests.debug.xcconfig */,
				193ECF55F9ED2C3E48A5982F /* Pods-ChineseSayTests.release.xcconfig */,
				D55B99D9456700025AB654E1 /* Pods-ChineseSayUITests.debug.xcconfig */,
				754F45543BF9CC9B3F2EFE1D /* Pods-ChineseSayUITests.release.xcconfig */,
			);
			name = Pods;
			sourceTree = "<group>";
		};
/* End PBXGroup section */

/* Begin PBXNativeTarget section */
		5315BEBF229D828A00AC33C5 /* ChineseSay */ = {
			isa = PBXNativeTarget;
			buildConfigurationList = 5315BEEC229D828B00AC33C5 /* Build configuration list for PBXNativeTarget "ChineseSay" */;
			buildPhases = (
				6A3E39008B0D35E658C1CEE9 /* [CP] Check Pods Manifest.lock */,
				5315BEBC229D828A00AC33C5 /* Sources */,
				5315BEBD229D828A00AC33C5 /* Frameworks */,
				5315BEBE229D828A00AC33C5 /* Resources */,
			);
			buildRules = (
			);
			dependencies = (
			);
			name = ChineseSay;
			productName = ChineseSay;
			productReference = 5315BEC0229D828A00AC33C5 /* ChineseSay.app */;
			productType = "com.apple.product-type.application";
		};
		5315BED7229D828B00AC33C5 /* ChineseSayTests */ = {
			isa = PBXNativeTarget;
			buildConfigurationList = 5315BEEF229D828B00AC33C5 /* Build configuration list for PBXNativeTarget "ChineseSayTests" */;
			buildPhases = (
				F6A42AB3C0B17C22239D1163 /* [CP] Check Pods Manifest.lock */,
				5315BED4229D828B00AC33C5 /* Sources */,
				5315BED5229D828B00AC33C5 /* Frameworks */,
				5315BED6229D828B00AC33C5 /* Resources */,
			);
			buildRules = (
			);
			dependencies = (
				5315BEDA229D828B00AC33C5 /* PBXTargetDependency */,
			);
			name = ChineseSayTests;
			productName = ChineseSayTests;
			productReference = 5315BED8229D828B00AC33C5 /* ChineseSayTests.xctest */;
			productType = "com.apple.product-type.bundle.unit-test";
		};
		5315BEE2229D828B00AC33C5 /* ChineseSayUITests */ = {
			isa = PBXNativeTarget;
			buildConfigurationList = 5315BEF2229D828B00AC33C5 /* Build configuration list for PBXNativeTarget "ChineseSayUITests" */;
			buildPhases = (
				DB632BF7D64AFC3E215A371D /* [CP] Check Pods Manifest.lock */,
				5315BEDF229D828B00AC33C5 /* Sources */,
				5315BEE0229D828B00AC33C5 /* Frameworks */,
				5315BEE1229D828B00AC33C5 /* Resources */,
			);
			buildRules = (
			);
			dependencies = (
				5315BEE5229D828B00AC33C5 /* PBXTargetDependency */,
			);
			name = ChineseSayUITests;
			productName = ChineseSayUITests;
			productReference = 5315BEE3229D828B00AC33C5 /* ChineseSayUITests.xctest */;
			productType = "com.apple.product-type.bundle.ui-testing";
		};
/* End PBXNativeTarget section */

/* Begin PBXProject section */
		5315BEB8229D828A00AC33C5 /* Project object */ = {
			isa = PBXProject;
			attributes = {
				LastUpgradeCheck = 1010;
				ORGANIZATIONNAME = "王林芳";
				TargetAttributes = {
					5315BEBF229D828A00AC33C5 = {
						CreatedOnToolsVersion = 10.1;
					};
					5315BED7229D828B00AC33C5 = {
						CreatedOnToolsVersion = 10.1;
						TestTargetID = 5315BEBF229D828A00AC33C5;
					};
					5315BEE2229D828B00AC33C5 = {
						CreatedOnToolsVersion = 10.1;
						TestTargetID = 5315BEBF229D828A00AC33C5;
					};
				};
			};
			buildConfigurationList = 5315BEBB229D828A00AC33C5 /* Build configuration list for PBXProject "ChineseSay" */;
			compatibilityVersion = "Xcode 9.3";
			developmentRegion = en;
			hasScannedForEncodings = 0;
			knownRegions = (
				en,
				Base,
			);
			mainGroup = 5315BEB7229D828A00AC33C5;
			productRefGroup = 5315BEC1229D828A00AC33C5 /* Products */;
			projectDirPath = "";
			projectRoot = "";
			targets = (
				5315BEBF229D828A00AC33C5 /* ChineseSay */,
				5315BED7229D828B00AC33C5 /* ChineseSayTests */,
				5315BEE2229D828B00AC33C5 /* ChineseSayUITests */,
			);
		};
/* End PBXProject section */

/* Begin PBXResourcesBuildPhase section */
		5315BEBE229D828A00AC33C5 /* Resources */ = {
			isa = PBXResourcesBuildPhase;
			buildActionMask = 2147483647;
			files = (
				53F0F11E229EE129000F93ED /* Main.storyboard in Resources */,
				53F0F121229EE18D000F93ED /* Assets.xcassets in Resources */,
				53F0F11D229EE129000F93ED /* LaunchScreen.storyboard in Resources */,
			);
			runOnlyForDeploymentPostprocessing = 0;
		};
		5315BED6229D828B00AC33C5 /* Resources */ = {
			isa = PBXResourcesBuildPhase;
			buildActionMask = 2147483647;
			files = (
			);
			runOnlyForDeploymentPostprocessing = 0;
		};
		5315BEE1229D828B00AC33C5 /* Resources */ = {
			isa = PBXResourcesBuildPhase;
			buildActionMask = 2147483647;
			files = (
			);
			runOnlyForDeploymentPostprocessing = 0;
		};
/* End PBXResourcesBuildPhase section */

/* Begin PBXShellScriptBuildPhase section */
		6A3E39008B0D35E658C1CEE9 /* [CP] Check Pods Manifest.lock */ = {
			isa = PBXShellScriptBuildPhase;
			buildActionMask = 2147483647;
			files = (
			);
			inputFileListPaths = (
			);
			inputPaths = (
				"${PODS_PODFILE_DIR_PATH}/Podfile.lock",
				"${PODS_ROOT}/Manifest.lock",
			);
			name = "[CP] Check Pods Manifest.lock";
			outputFileListPaths = (
			);
			outputPaths = (
				"$(DERIVED_FILE_DIR)/Pods-ChineseSay-checkManifestLockResult.txt",
			);
			runOnlyForDeploymentPostprocessing = 0;
			shellPath = /bin/sh;
			shellScript = "diff \"${PODS_PODFILE_DIR_PATH}/Podfile.lock\" \"${PODS_ROOT}/Manifest.lock\" > /dev/null\nif [ $? != 0 ] ; then\n    # print error to STDERR\n    echo \"error: The sandbox is not in sync with the Podfile.lock. Run 'pod install' or update your CocoaPods installation.\" >&2\n    exit 1\nfi\n# This output is used by Xcode 'outputs' to avoid re-running this script phase.\necho \"SUCCESS\" > \"${SCRIPT_OUTPUT_FILE_0}\"\n";
			showEnvVarsInLog = 0;
		};
		DB632BF7D64AFC3E215A371D /* [CP] Check Pods Manifest.lock */ = {
			isa = PBXShellScriptBuildPhase;
			buildActionMask = 2147483647;
			files = (
			);
			inputFileListPaths = (
			);
			inputPaths = (
				"${PODS_PODFILE_DIR_PATH}/Podfile.lock",
				"${PODS_ROOT}/Manifest.lock",
			);
			name = "[CP] Check Pods Manifest.lock";
			outputFileListPaths = (
			);
			outputPaths = (
				"$(DERIVED_FILE_DIR)/Pods-ChineseSayUITests-checkManifestLockResult.txt",
			);
			runOnlyForDeploymentPostprocessing = 0;
			shellPath = /bin/sh;
			shellScript = "diff \"${PODS_PODFILE_DIR_PATH}/Podfile.lock\" \"${PODS_ROOT}/Manifest.lock\" > /dev/null\nif [ $? != 0 ] ; then\n    # print error to STDERR\n    echo \"error: The sandbox is not in sync with the Podfile.lock. Run 'pod install' or update your CocoaPods installation.\" >&2\n    exit 1\nfi\n# This output is used by Xcode 'outputs' to avoid re-running this script phase.\necho \"SUCCESS\" > \"${SCRIPT_OUTPUT_FILE_0}\"\n";
			showEnvVarsInLog = 0;
		};
		F6A42AB3C0B17C22239D1163 /* [CP] Check Pods Manifest.lock */ = {
			isa = PBXShellScriptBuildPhase;
			buildActionMask = 2147483647;
			files = (
			);
			inputFileListPaths = (
			);
			inputPaths = (
				"${PODS_PODFILE_DIR_PATH}/Podfile.lock",
				"${PODS_ROOT}/Manifest.lock",
			);
			name = "[CP] Check Pods Manifest.lock";
			outputFileListPaths = (
			);
			outputPaths = (
				"$(DERIVED_FILE_DIR)/Pods-ChineseSayTests-checkManifestLockResult.txt",
			);
			runOnlyForDeploymentPostprocessing = 0;
			shellPath = /bin/sh;
			shellScript = "diff \"${PODS_PODFILE_DIR_PATH}/Podfile.lock\" \"${PODS_ROOT}/Manifest.lock\" > /dev/null\nif [ $? != 0 ] ; then\n    # print error to STDERR\n    echo \"error: The sandbox is not in sync with the Podfile.lock. Run 'pod install' or update your CocoaPods installation.\" >&2\n    exit 1\nfi\n# This output is used by Xcode 'outputs' to avoid re-running this script phase.\necho \"SUCCESS\" > \"${SCRIPT_OUTPUT_FILE_0}\"\n";
			showEnvVarsInLog = 0;
		};
/* End PBXShellScriptBuildPhase section */

/* Begin PBXSourcesBuildPhase section */
		5315BEBC229D828A00AC33C5 /* Sources */ = {
			isa = PBXSourcesBuildPhase;
			buildActionMask = 2147483647;
			files = (
				53AC31B722A3CD3900CA2D12 /* CSHomeController.m in Sources */,
				53AC31DD22A42C9200CA2D12 /* UIColor+Add.m in Sources */,
				53F0F0FC229ED9FB000F93ED /* AppDelegate.m in Sources */,
				53352EA422A95E9000F42147 /* CSHomeMoreLessonDetailFlowLayout.m in Sources */,
				53AC31D622A41DD100CA2D12 /* CSHomeItemSingleCellModel.m in Sources */,
				53352EA722A95EC100F42147 /* CSHomeMoreLessonDetailCollectionViewCell.m in Sources */,
				53F0F0FB229ED9FB000F93ED /* AppDelegate+Config.m in Sources */,
				53F0F11C229EE129000F93ED /* ViewController.m in Sources */,
				53AC31AE22A3CCDF00CA2D12 /* CSBaseView.m in Sources */,
				53AC31CA22A3EFF200CA2D12 /* CSHomeItemsCell.m in Sources */,
				530D021322A6C3330044CCB7 /* CSPageTransfer.m in Sources */,
				53AC31B422A3CD1000CA2D12 /* CSBaseTableView.m in Sources */,
				530D021622A6D0650044CCB7 /* CSHomeMoreLessonListController.m in Sources */,
				5336A8AE22A8148E00C661DE /* CSHomeMoreLessonListCell.m in Sources */,
				53AC31D022A41CC100CA2D12 /* CSHomeTitleCellModel.m in Sources */,
				53F0F112229EE06D000F93ED /* LFTabBar.m in Sources */,
				53352EA122A95A7800F42147 /* CSHomeMoreLessonListDetailController.m in Sources */,
				53AC31D322A41DAC00CA2D12 /* CSHomeItemsCellModel.m in Sources */,
				53AC31BB22A3D1BD00CA2D12 /* CSHomeDataSource.m in Sources */,
				53F0F110229EE06D000F93ED /* LFTabBarConfig.m in Sources */,
				53F0F10F229EE06D000F93ED /* LFNavigationController.m in Sources */,
				53AC31AB22A3CCC400CA2D12 /* CSBaseModel.m in Sources */,
				53AC31A822A3CCAC00CA2D12 /* CSBaseController.m in Sources */,
				53AC31CD22A3F04600CA2D12 /* CSItemSigleCell.m in Sources */,
				53F0F111229EE06D000F93ED /* LFTabBarItem.m in Sources */,
				53AC31C722A3EF9800CA2D12 /* CSHomeTitleCell.m in Sources */,
				530D020F22A6C0660044CCB7 /* CSPageTypeModel.m in Sources */,
				53AC31C322A3D51D00CA2D12 /* CSHomeCellModel.m in Sources */,
				53F0F11F229EE129000F93ED /* main.m in Sources */,
				53AC31B122A3CCFD00CA2D12 /* CSBaseCell.m in Sources */,
				535B853D22A57AAA000510C4 /* CSHomeItemsCellItem.m in Sources */,
				53F0F113229EE06D000F93ED /* LFTabBarController.m in Sources */,
			);
			runOnlyForDeploymentPostprocessing = 0;
		};
		5315BED4229D828B00AC33C5 /* Sources */ = {
			isa = PBXSourcesBuildPhase;
			buildActionMask = 2147483647;
			files = (
				5315BEDD229D828B00AC33C5 /* ChineseSayTests.m in Sources */,
			);
			runOnlyForDeploymentPostprocessing = 0;
		};
		5315BEDF229D828B00AC33C5 /* Sources */ = {
			isa = PBXSourcesBuildPhase;
			buildActionMask = 2147483647;
			files = (
				5315BEE8229D828B00AC33C5 /* ChineseSayUITests.m in Sources */,
			);
			runOnlyForDeploymentPostprocessing = 0;
		};
/* End PBXSourcesBuildPhase section */

/* Begin PBXTargetDependency section */
		5315BEDA229D828B00AC33C5 /* PBXTargetDependency */ = {
			isa = PBXTargetDependency;
			target = 5315BEBF229D828A00AC33C5 /* ChineseSay */;
			targetProxy = 5315BED9229D828B00AC33C5 /* PBXContainerItemProxy */;
		};
		5315BEE5229D828B00AC33C5 /* PBXTargetDependency */ = {
			isa = PBXTargetDependency;
			target = 5315BEBF229D828A00AC33C5 /* ChineseSay */;
			targetProxy = 5315BEE4229D828B00AC33C5 /* PBXContainerItemProxy */;
		};
/* End PBXTargetDependency section */

/* Begin PBXVariantGroup section */
		53F0F116229EE129000F93ED /* LaunchScreen.storyboard */ = {
			isa = PBXVariantGroup;
			children = (
				53F0F117229EE129000F93ED /* Base */,
			);
			name = LaunchScreen.storyboard;
			sourceTree = "<group>";
		};
		53F0F118229EE129000F93ED /* Main.storyboard */ = {
			isa = PBXVariantGroup;
			children = (
				53F0F119229EE129000F93ED /* Base */,
			);
			name = Main.storyboard;
			sourceTree = "<group>";
		};
/* End PBXVariantGroup section */

/* Begin XCBuildConfiguration section */
		5315BEEA229D828B00AC33C5 /* Debug */ = {
			isa = XCBuildConfiguration;
			buildSettings = {
				ALWAYS_SEARCH_USER_PATHS = NO;
				CLANG_ANALYZER_NONNULL = YES;
				CLANG_ANALYZER_NUMBER_OBJECT_CONVERSION = YES_AGGRESSIVE;
				CLANG_CXX_LANGUAGE_STANDARD = "gnu++14";
				CLANG_CXX_LIBRARY = "libc++";
				CLANG_ENABLE_MODULES = YES;
				CLANG_ENABLE_OBJC_ARC = YES;
				CLANG_ENABLE_OBJC_WEAK = YES;
				CLANG_WARN_BLOCK_CAPTURE_AUTORELEASING = YES;
				CLANG_WARN_BOOL_CONVERSION = YES;
				CLANG_WARN_COMMA = YES;
				CLANG_WARN_CONSTANT_CONVERSION = YES;
				CLANG_WARN_DEPRECATED_OBJC_IMPLEMENTATIONS = YES;
				CLANG_WARN_DIRECT_OBJC_ISA_USAGE = YES_ERROR;
				CLANG_WARN_DOCUMENTATION_COMMENTS = YES;
				CLANG_WARN_EMPTY_BODY = YES;
				CLANG_WARN_ENUM_CONVERSION = YES;
				CLANG_WARN_INFINITE_RECURSION = YES;
				CLANG_WARN_INT_CONVERSION = YES;
				CLANG_WARN_NON_LITERAL_NULL_CONVERSION = YES;
				CLANG_WARN_OBJC_IMPLICIT_RETAIN_SELF = YES;
				CLANG_WARN_OBJC_LITERAL_CONVERSION = YES;
				CLANG_WARN_OBJC_ROOT_CLASS = YES_ERROR;
				CLANG_WARN_RANGE_LOOP_ANALYSIS = YES;
				CLANG_WARN_STRICT_PROTOTYPES = YES;
				CLANG_WARN_SUSPICIOUS_MOVE = YES;
				CLANG_WARN_UNGUARDED_AVAILABILITY = YES_AGGRESSIVE;
				CLANG_WARN_UNREACHABLE_CODE = YES;
				CLANG_WARN__DUPLICATE_METHOD_MATCH = YES;
				CODE_SIGN_IDENTITY = "iPhone Developer";
				COPY_PHASE_STRIP = NO;
				DEBUG_INFORMATION_FORMAT = dwarf;
				ENABLE_STRICT_OBJC_MSGSEND = YES;
				ENABLE_TESTABILITY = YES;
				GCC_C_LANGUAGE_STANDARD = gnu11;
				GCC_DYNAMIC_NO_PIC = NO;
				GCC_NO_COMMON_BLOCKS = YES;
				GCC_OPTIMIZATION_LEVEL = 0;
				GCC_PREPROCESSOR_DEFINITIONS = (
					"DEBUG=1",
					"$(inherited)",
				);
				GCC_WARN_64_TO_32_BIT_CONVERSION = YES;
				GCC_WARN_ABOUT_RETURN_TYPE = YES_ERROR;
				GCC_WARN_UNDECLARED_SELECTOR = YES;
				GCC_WARN_UNINITIALIZED_AUTOS = YES_AGGRESSIVE;
				GCC_WARN_UNUSED_FUNCTION = YES;
				GCC_WARN_UNUSED_VARIABLE = YES;
				IPHONEOS_DEPLOYMENT_TARGET = 12.1;
				MTL_ENABLE_DEBUG_INFO = INCLUDE_SOURCE;
				MTL_FAST_MATH = YES;
				ONLY_ACTIVE_ARCH = YES;
				SDKROOT = iphoneos;
			};
			name = Debug;
		};
		5315BEEB229D828B00AC33C5 /* Release */ = {
			isa = XCBuildConfiguration;
			buildSettings = {
				ALWAYS_SEARCH_USER_PATHS = NO;
				CLANG_ANALYZER_NONNULL = YES;
				CLANG_ANALYZER_NUMBER_OBJECT_CONVERSION = YES_AGGRESSIVE;
				CLANG_CXX_LANGUAGE_STANDARD = "gnu++14";
				CLANG_CXX_LIBRARY = "libc++";
				CLANG_ENABLE_MODULES = YES;
				CLANG_ENABLE_OBJC_ARC = YES;
				CLANG_ENABLE_OBJC_WEAK = YES;
				CLANG_WARN_BLOCK_CAPTURE_AUTORELEASING = YES;
				CLANG_WARN_BOOL_CONVERSION = YES;
				CLANG_WARN_COMMA = YES;
				CLANG_WARN_CONSTANT_CONVERSION = YES;
				CLANG_WARN_DEPRECATED_OBJC_IMPLEMENTATIONS = YES;
				CLANG_WARN_DIRECT_OBJC_ISA_USAGE = YES_ERROR;
				CLANG_WARN_DOCUMENTATION_COMMENTS = YES;
				CLANG_WARN_EMPTY_BODY = YES;
				CLANG_WARN_ENUM_CONVERSION = YES;
				CLANG_WARN_INFINITE_RECURSION = YES;
				CLANG_WARN_INT_CONVERSION = YES;
				CLANG_WARN_NON_LITERAL_NULL_CONVERSION = YES;
				CLANG_WARN_OBJC_IMPLICIT_RETAIN_SELF = YES;
				CLANG_WARN_OBJC_LITERAL_CONVERSION = YES;
				CLANG_WARN_OBJC_ROOT_CLASS = YES_ERROR;
				CLANG_WARN_RANGE_LOOP_ANALYSIS = YES;
				CLANG_WARN_STRICT_PROTOTYPES = YES;
				CLANG_WARN_SUSPICIOUS_MOVE = YES;
				CLANG_WARN_UNGUARDED_AVAILABILITY = YES_AGGRESSIVE;
				CLANG_WARN_UNREACHABLE_CODE = YES;
				CLANG_WARN__DUPLICATE_METHOD_MATCH = YES;
				CODE_SIGN_IDENTITY = "iPhone Developer";
				COPY_PHASE_STRIP = NO;
				DEBUG_INFORMATION_FORMAT = "dwarf-with-dsym";
				ENABLE_NS_ASSERTIONS = NO;
				ENABLE_STRICT_OBJC_MSGSEND = YES;
				GCC_C_LANGUAGE_STANDARD = gnu11;
				GCC_NO_COMMON_BLOCKS = YES;
				GCC_WARN_64_TO_32_BIT_CONVERSION = YES;
				GCC_WARN_ABOUT_RETURN_TYPE = YES_ERROR;
				GCC_WARN_UNDECLARED_SELECTOR = YES;
				GCC_WARN_UNINITIALIZED_AUTOS = YES_AGGRESSIVE;
				GCC_WARN_UNUSED_FUNCTION = YES;
				GCC_WARN_UNUSED_VARIABLE = YES;
				IPHONEOS_DEPLOYMENT_TARGET = 12.1;
				MTL_ENABLE_DEBUG_INFO = NO;
				MTL_FAST_MATH = YES;
				SDKROOT = iphoneos;
				VALIDATE_PRODUCT = YES;
			};
			name = Release;
		};
		5315BEED229D828B00AC33C5 /* Debug */ = {
			isa = XCBuildConfiguration;
			baseConfigurationReference = 66770EFC23CCC974BFC9FB6B /* Pods-ChineseSay.debug.xcconfig */;
			buildSettings = {
				ASSETCATALOG_COMPILER_APPICON_NAME = AppIcon;
				CODE_SIGN_STYLE = Automatic;
				DEVELOPMENT_TEAM = 3AFS7XW9M4;
				GCC_PRECOMPILE_PREFIX_HEADER = YES;
				GCC_PREFIX_HEADER = "$(SRCROOT)/ChineseSay/Common/PrefixHeader.pch";
				INFOPLIST_FILE = ChineseSay/Info.plist;
				IPHONEOS_DEPLOYMENT_TARGET = 9.0;
				LD_RUNPATH_SEARCH_PATHS = (
					"$(inherited)",
					"@executable_path/Frameworks",
				);
				PRODUCT_BUNDLE_IDENTIFIER = LF.ChineseSay;
				PRODUCT_NAME = "$(TARGET_NAME)";
				TARGETED_DEVICE_FAMILY = "1,2";
			};
			name = Debug;
		};
		5315BEEE229D828B00AC33C5 /* Release */ = {
			isa = XCBuildConfiguration;
			baseConfigurationReference = ED93BEA500EC5C8D43CF5C5F /* Pods-ChineseSay.release.xcconfig */;
			buildSettings = {
				ASSETCATALOG_COMPILER_APPICON_NAME = AppIcon;
				CODE_SIGN_STYLE = Automatic;
				DEVELOPMENT_TEAM = 3AFS7XW9M4;
				GCC_PRECOMPILE_PREFIX_HEADER = YES;
				GCC_PREFIX_HEADER = "$(SRCROOT)/ChineseSay/Common/PrefixHeader.pch";
				INFOPLIST_FILE = ChineseSay/Info.plist;
				IPHONEOS_DEPLOYMENT_TARGET = 9.0;
				LD_RUNPATH_SEARCH_PATHS = (
					"$(inherited)",
					"@executable_path/Frameworks",
				);
				PRODUCT_BUNDLE_IDENTIFIER = LF.ChineseSay;
				PRODUCT_NAME = "$(TARGET_NAME)";
				TARGETED_DEVICE_FAMILY = "1,2";
			};
			name = Release;
		};
		5315BEF0229D828B00AC33C5 /* Debug */ = {
			isa = XCBuildConfiguration;
			baseConfigurationReference = CFC2C6DF5FB7EADA58BB4A11 /* Pods-ChineseSayTests.debug.xcconfig */;
			buildSettings = {
				BUNDLE_LOADER = "$(TEST_HOST)";
				CODE_SIGN_STYLE = Automatic;
				DEVELOPMENT_TEAM = 3AFS7XW9M4;
				INFOPLIST_FILE = ChineseSayTests/Info.plist;
				LD_RUNPATH_SEARCH_PATHS = (
					"$(inherited)",
					"@executable_path/Frameworks",
					"@loader_path/Frameworks",
				);
				PRODUCT_BUNDLE_IDENTIFIER = LF.ChineseSayTests;
				PRODUCT_NAME = "$(TARGET_NAME)";
				TARGETED_DEVICE_FAMILY = "1,2";
				TEST_HOST = "$(BUILT_PRODUCTS_DIR)/ChineseSay.app/ChineseSay";
			};
			name = Debug;
		};
		5315BEF1229D828B00AC33C5 /* Release */ = {
			isa = XCBuildConfiguration;
			baseConfigurationReference = 193ECF55F9ED2C3E48A5982F /* Pods-ChineseSayTests.release.xcconfig */;
			buildSettings = {
				BUNDLE_LOADER = "$(TEST_HOST)";
				CODE_SIGN_STYLE = Automatic;
				DEVELOPMENT_TEAM = 3AFS7XW9M4;
				INFOPLIST_FILE = ChineseSayTests/Info.plist;
				LD_RUNPATH_SEARCH_PATHS = (
					"$(inherited)",
					"@executable_path/Frameworks",
					"@loader_path/Frameworks",
				);
				PRODUCT_BUNDLE_IDENTIFIER = LF.ChineseSayTests;
				PRODUCT_NAME = "$(TARGET_NAME)";
				TARGETED_DEVICE_FAMILY = "1,2";
				TEST_HOST = "$(BUILT_PRODUCTS_DIR)/ChineseSay.app/ChineseSay";
			};
			name = Release;
		};
		5315BEF3229D828B00AC33C5 /* Debug */ = {
			isa = XCBuildConfiguration;
			baseConfigurationReference = D55B99D9456700025AB654E1 /* Pods-ChineseSayUITests.debug.xcconfig */;
			buildSettings = {
				CODE_SIGN_STYLE = Automatic;
				DEVELOPMENT_TEAM = 3AFS7XW9M4;
				INFOPLIST_FILE = ChineseSayUITests/Info.plist;
				LD_RUNPATH_SEARCH_PATHS = (
					"$(inherited)",
					"@executable_path/Frameworks",
					"@loader_path/Frameworks",
				);
				PRODUCT_BUNDLE_IDENTIFIER = LF.ChineseSayUITests;
				PRODUCT_NAME = "$(TARGET_NAME)";
				TARGETED_DEVICE_FAMILY = "1,2";
				TEST_TARGET_NAME = ChineseSay;
			};
			name = Debug;
		};
		5315BEF4229D828B00AC33C5 /* Release */ = {
			isa = XCBuildConfiguration;
			baseConfigurationReference = 754F45543BF9CC9B3F2EFE1D /* Pods-ChineseSayUITests.release.xcconfig */;
			buildSettings = {
				CODE_SIGN_STYLE = Automatic;
				DEVELOPMENT_TEAM = 3AFS7XW9M4;
				INFOPLIST_FILE = ChineseSayUITests/Info.plist;
				LD_RUNPATH_SEARCH_PATHS = (
					"$(inherited)",
					"@executable_path/Frameworks",
					"@loader_path/Frameworks",
				);
				PRODUCT_BUNDLE_IDENTIFIER = LF.ChineseSayUITests;
				PRODUCT_NAME = "$(TARGET_NAME)";
				TARGETED_DEVICE_FAMILY = "1,2";
				TEST_TARGET_NAME = ChineseSay;
			};
			name = Release;
		};
/* End XCBuildConfiguration section */

/* Begin XCConfigurationList section */
		5315BEBB229D828A00AC33C5 /* Build configuration list for PBXProject "ChineseSay" */ = {
			isa = XCConfigurationList;
			buildConfigurations = (
				5315BEEA229D828B00AC33C5 /* Debug */,
				5315BEEB229D828B00AC33C5 /* Release */,
			);
			defaultConfigurationIsVisible = 0;
			defaultConfigurationName = Release;
		};
		5315BEEC229D828B00AC33C5 /* Build configuration list for PBXNativeTarget "ChineseSay" */ = {
			isa = XCConfigurationList;
			buildConfigurations = (
				5315BEED229D828B00AC33C5 /* Debug */,
				5315BEEE229D828B00AC33C5 /* Release */,
			);
			defaultConfigurationIsVisible = 0;
			defaultConfigurationName = Release;
		};
		5315BEEF229D828B00AC33C5 /* Build configuration list for PBXNativeTarget "ChineseSayTests" */ = {
			isa = XCConfigurationList;
			buildConfigurations = (
				5315BEF0229D828B00AC33C5 /* Debug */,
				5315BEF1229D828B00AC33C5 /* Release */,
			);
			defaultConfigurationIsVisible = 0;
			defaultConfigurationName = Release;
		};
		5315BEF2229D828B00AC33C5 /* Build configuration list for PBXNativeTarget "ChineseSayUITests" */ = {
			isa = XCConfigurationList;
			buildConfigurations = (
				5315BEF3229D828B00AC33C5 /* Debug */,
				5315BEF4229D828B00AC33C5 /* Release */,
			);
			defaultConfigurationIsVisible = 0;
			defaultConfigurationName = Release;
		};
/* End XCConfigurationList section */
	};
	rootObject = 5315BEB8229D828A00AC33C5 /* Project object */;
}
